// !$*UTF8*$!
{
	archiveVersion = 1;
	classes = {
	};
	objectVersion = 46;
	objects = {

/* Begin PBXBuildFile section */
		01176CB11D71E29A00B52CA1 /* AppDelegate.swift in Sources */ = {isa = PBXBuildFile; fileRef = 01176CB01D71E29A00B52CA1 /* AppDelegate.swift */; };
		01176CB31D71E29A00B52CA1 /* ViewController.swift in Sources */ = {isa = PBXBuildFile; fileRef = 01176CB21D71E29A00B52CA1 /* ViewController.swift */; };
		01176CB61D71E29A00B52CA1 /* Main.storyboard in Resources */ = {isa = PBXBuildFile; fileRef = 01176CB41D71E29A00B52CA1 /* Main.storyboard */; };
		01176CB81D71E29A00B52CA1 /* Assets.xcassets in Resources */ = {isa = PBXBuildFile; fileRef = 01176CB71D71E29A00B52CA1 /* Assets.xcassets */; };
		01176CBB1D71E29A00B52CA1 /* LaunchScreen.storyboard in Resources */ = {isa = PBXBuildFile; fileRef = 01176CB91D71E29A00B52CA1 /* LaunchScreen.storyboard */; };
/* End PBXBuildFile section */

/* Begin PBXFileReference section */
		01176CAD1D71E29A00B52CA1 /* jigsaw-puzzle.app */ = {isa = PBXFileReference; explicitFileType = wrapper.application; includeInIndex = 0; path = "jigsaw-puzzle.app"; sourceTree = BUILT_PRODUCTS_DIR; };
		01176CB01D71E29A00B52CA1 /* AppDelegate.swift */ = {isa = PBXFileReference; lastKnownFileType = sourcecode.swift; path = AppDelegate.swift; sourceTree = "<group>"; };
		01176CB21D71E29A00B52CA1 /* ViewController.swift */ = {isa = PBXFileReference; lastKnownFileType = sourcecode.swift; path = ViewController.swift; sourceTree = "<group>"; };
		01176CB51D71E29A00B52CA1 /* Base */ = {isa = PBXFileReference; lastKnownFileType = file.storyboard; name = Base; path = Base.lproj/Main.storyboard; sourceTree = "<group>"; };
		01176CB71D71E29A00B52CA1 /* Assets.xcassets */ = {isa = PBXFileReference; lastKnownFileType = folder.assetcatalog; path = Assets.xcassets; sourceTree = "<group>"; };
		01176CBA1D71E29A00B52CA1 /* Base */ = {isa = PBXFileReference; lastKnownFileType = file.storyboard; name = Base; path = Base.lproj/LaunchScreen.storyboard; sourceTree = "<group>"; };
		01176CBC1D71E29A00B52CA1 /* Info.plist */ = {isa = PBXFileReference; lastKnownFileType = text.plist.xml; path = Info.plist; sourceTree = "<group>"; };
/* End PBXFileReference section */

/* Begin PBXFrameworksBuildPhase section */
		01176CAA1D71E29A00B52CA1 /* Frameworks */ = {
			isa = PBXFrameworksBuildPhase;
			buildActionMask = 2147483647;
			files = (
			);
			runOnlyForDeploymentPostprocessing = 0;
		};
/* End PBXFrameworksBuildPhase section */

/* Begin PBXGroup section */
		01176CA41D71E29A00B52CA1 = {
			isa = PBXGroup;
			children = (
				01176CAF1D71E29A00B52CA1 /* jigsaw-puzzle */,
				01176CAE1D71E29A00B52CA1 /* Products */,
			);
			sourceTree = "<group>";
		};
		01176CAE1D71E29A00B52CA1 /* Products */ = {
			isa = PBXGroup;
			children = (
				01176CAD1D71E29A00B52CA1 /* jigsaw-puzzle.app */,
			);
			name = Products;
			sourceTree = "<group>";
		};
		01176CAF1D71E29A00B52CA1 /* jigsaw-puzzle */ = {
			isa = PBXGroup;
			children = (
				01176CB01D71E29A00B52CA1 /* AppDelegate.swift */,
				01176CB21D71E29A00B52CA1 /* ViewController.swift */,
				01176CB41D71E29A00B52CA1 /* Main.storyboard */,
				01176CB71D71E29A00B52CA1 /* Assets.xcassets */,
				01176CB91D71E29A00B52CA1 /* LaunchScreen.storyboard */,
				01176CBC1D71E29A00B52CA1 /* Info.plist */,
			);
			path = "jigsaw-puzzle";
			sourceTree = "<group>";
		};
/* End PBXGroup section */

/* Begin PBXNativeTarget section */
		01176CAC1D71E29A00B52CA1 /* jigsaw-puzzle */ = {
			isa = PBXNativeTarget;
			buildConfigurationList = 01176CBF1D71E29A00B52CA1 /* Build configuration list for PBXNativeTarget "jigsaw-puzzle" */;
			buildPhases = (
				01176CA91D71E29A00B52CA1 /* Sources */,
				01176CAA1D71E29A00B52CA1 /* Frameworks */,
				01176CAB1D71E29A00B52CA1 /* Resources */,
			);
			buildRules = (
			);
			dependencies = (
			);
			name = "jigsaw-puzzle";
			productName = "jigsaw-puzzle";
			productReference = 01176CAD1D71E29A00B52CA1 /* jigsaw-puzzle.app */;
			productType = "com.apple.product-type.application";
		};
/* End PBXNativeTarget section */

/* Begin PBXProject section */
		01176CA51D71E29A00B52CA1 /* Project object */ = {
			isa = PBXProject;
			attributes = {
				LastSwiftUpdateCheck = 0730;
				LastUpgradeCheck = 0730;
				ORGANIZATIONNAME = cy;
				TargetAttributes = {
					01176CAC1D71E29A00B52CA1 = {
						CreatedOnToolsVersion = 7.3.1;
						DevelopmentTeam = WJ543UHC4Q;
					};
				};
			};
			buildConfigurationList = 01176CA81D71E29A00B52CA1 /* Build configuration list for PBXProject "jigsaw-puzzle" */;
			compatibilityVersion = "Xcode 3.2";
			developmentRegion = English;
			hasScannedForEncodings = 0;
			knownRegions = (
				en,
				Base,
			);
			mainGroup = 01176CA41D71E29A00B52CA1;
			productRefGroup = 01176CAE1D71E29A00B52CA1 /* Products */;
			projectDirPath = "";
			projectRoot = "";
			targets = (
				01176CAC1D71E29A00B52CA1 /* jigsaw-puzzle */,
			);
		};
/* End PBXProject section */

/* Begin PBXResourcesBuildPhase section */
		01176CAB1D71E29A00B52CA1 /* Resources */ = {
			isa = PBXResourcesBuildPhase;
			buildActionMask = 2147483647;
			files = (
				01176CBB1D71E29A00B52CA1 /* LaunchScreen.storyboard in Resources */,
				01176CB81D71E29A00B52CA1 /* Assets.xcassets in Resources */,
				01176CB61D71E29A00B52CA1 /* Main.storyboard in Resources */,
			);
			runOnlyForDeploymentPostprocessing = 0;
		};
/* End PBXResourcesBuildPhase section */

/* Begin PBXSourcesBuildPhase section */
		01176CA91D71E29A00B52CA1 /* Sources */ = {
			isa = PBXSourcesBuildPhase;
			buildActionMask = 2147483647;
			files = (
				01176CB31D71E29A00B52CA1 /* ViewController.swift in Sources */,
				01176CB11D71E29A00B52CA1 /* AppDelegate.swift in Sources */,
			);
			runOnlyForDeploymentPostprocessing = 0;
		};
/* End PBXSourcesBuildPhase section */

/* Begin PBXVariantGroup section */
		01176CB41D71E29A00B52CA1 /* Main.storyboard */ = {
			isa = PBXVariantGroup;
			children = (
				01176CB51D71E29A00B52CA1 /* Base */,
			);
			name = Main.storyboard;
			sourceTree = "<group>";
		};
		01176CB91D71E29A00B52CA1 /* LaunchScreen.storyboard */ = {
			isa = PBXVariantGroup;
			children = (
				01176CBA1D71E29A00B52CA1 /* Base */,
			);
			name = LaunchScreen.storyboard;
			sourceTree = "<group>";
		};
/* End PBXVariantGroup section */

/* Begin XCBuildConfiguration section */
		01176CBD1D71E29A00B52CA1 /* Debug */ = {
			isa = XCBuildConfiguration;
			buildSettings = {
				ALWAYS_SEARCH_USER_PATHS = NO;
				CLANG_ANALYZER_NONNULL = YES;
				CLANG_CXX_LANGUAGE_STANDARD = "gnu++0x";
				CLANG_CXX_LIBRARY = "libc++";
				CLANG_ENABLE_MODULES = YES;
				CLANG_ENABLE_OBJC_ARC = YES;
				CLANG_WARN_BOOL_CONVERSION = YES;
				CLANG_WARN_CONSTANT_CONVERSION = YES;
				CLANG_WARN_DIRECT_OBJC_ISA_USAGE = YES_ERROR;
				CLANG_WARN_EMPTY_BODY = YES;
				CLANG_WARN_ENUM_CONVERSION = YES;
				CLANG_WARN_INT_CONVERSION = YES;
				CLANG_WARN_OBJC_ROOT_CLASS = YES_ERROR;
				CLANG_WARN_UNREACHABLE_CODE = YES;
				CLANG_WARN__DUPLICATE_METHOD_MATCH = YES;
				"CODE_SIGN_IDENTITY[sdk=iphoneos*]" = "iPhone Developer";
				COPY_PHASE_STRIP = NO;
				DEBUG_INFORMATION_FORMAT = dwarf;
				ENABLE_STRICT_OBJC_MSGSEND = YES;
				ENABLE_TESTABILITY = YES;
				GCC_C_LANGUAGE_STANDARD = gnu99;
				GCC_DYNAMIC_NO_PIC = NO;
				GCC_NO_COMMON_BLOCKS = YES;
				GCC_OPTIMIZATION_LEVEL = 0;
				GCC_PREPROCESSOR_DEFINITIONS = (
					"DEBUG=1",
					"$(inherited)",
				);
				GCC_WARN_64_TO_32_BIT_CONVERSION = YES;
				GCC_WARN_ABOUT_RETURN_TYPE = YES_ERROR;
				GCC_WARN_UNDECLARED_SELECTOR = YES;
				GCC_WARN_UNINITIALIZED_AUTOS = YES_AGGRESSIVE;
				GCC_WARN_UNUSED_FUNCTION = YES;
				GCC_WARN_UNUSED_VARIABLE = YES;
				IPHONEOS_DEPLOYMENT_TARGET = 9.3;
				MTL_ENABLE_DEBUG_INFO = YES;
				ONLY_ACTIVE_ARCH = YES;
				SDKROOT = iphoneos;
				SWIFT_OPTIMIZATION_LEVEL = "-Onone";
				TARGETED_DEVICE_FAMILY = "1,2";
			};
			name = Debug;
		};
		01176CBE1D71E29A00B52CA1 /* Release */ = {
			isa = XCBuildConfiguration;
			buildSettings = {
				ALWAYS_SEARCH_USER_PATHS = NO;
				CLANG_ANALYZER_NONNULL = YES;
				CLANG_CXX_LANGUAGE_STANDARD = "gnu++0x";
				CLANG_CXX_LIBRARY = "libc++";
				CLANG_ENABLE_MODULES = YES;
				CLANG_ENABLE_OBJC_ARC = YES;
				CLANG_WARN_BOOL_CONVERSION = YES;
				CLANG_WARN_CONSTANT_CONVERSION = YES;
				CLANG_WARN_DIRECT_OBJC_ISA_USAGE = YES_ERROR;
				CLANG_WARN_EMPTY_BODY = YES;
				CLANG_WARN_ENUM_CONVERSION = YES;
				CLANG_WARN_INT_CONVERSION = YES;
				CLANG_WARN_OBJC_ROOT_CLASS = YES_ERROR;
				CLANG_WARN_UNREACHABLE_CODE = YES;
				CLANG_WARN__DUPLICATE_METHOD_MATCH = YES;
				"CODE_SIGN_IDENTITY[sdk=iphoneos*]" = "iPhone Developer";
				COPY_PHASE_STRIP = NO;
				DEBUG_INFORMATION_FORMAT = "dwarf-with-dsym";
				ENABLE_NS_ASSERTIONS = NO;
				ENABLE_STRICT_OBJC_MSGSEND = YES;
				GCC_C_LANGUAGE_STANDARD = gnu99;
				GCC_NO_COMMON_BLOCKS = YES;
				GCC_WARN_64_TO_32_BIT_CONVERSION = YES;
				GCC_WARN_ABOUT_RETURN_TYPE = YES_ERROR;
				GCC_WARN_UNDECLARED_SELECTOR = YES;
				GCC_WARN_UNINITIALIZED_AUTOS = YES_AGGRESSIVE;
				GCC_WARN_UNUSED_FUNCTION = YES;
				GCC_WARN_UNUSED_VARIABLE = YES;
				IPHONEOS_DEPLOYMENT_TARGET = 9.3;
				MTL_ENABLE_DEBUG_INFO = NO;
				SDKROOT = iphoneos;
				TARGETED_DEVICE_FAMILY = "1,2";
				VALIDATE_PRODUCT = YES;
			};
			name = Release;
		};
		01176CC01D71E29A00B52CA1 /* Debug */ = {
			isa = XCBuildConfiguration;
			buildSettings = {
				ASSETCATALOG_COMPILER_APPICON_NAME = AppIcon;
				INFOPLIST_FILE = "jigsaw-puzzle/Info.plist";
				LD_RUNPATH_SEARCH_PATHS = "$(inherited) @executable_path/Frameworks";
				PRODUCT_BUNDLE_IDENTIFIER = "com.abc.jigsaw-puzzle";
				PRODUCT_NAME = "$(TARGET_NAME)";
			};
			name = Debug;
		};
		01176CC11D71E29A00B52CA1 /* Release */ = {
			isa = XCBuildConfiguration;
			buildSettings = {
				ASSETCATALOG_COMPILER_APPICON_NAME = AppIcon;
				INFOPLIST_FILE = "jigsaw-puzzle/Info.plist";
				LD_RUNPATH_SEARCH_PATHS = "$(inherited) @executable_path/Frameworks";
				PRODUCT_BUNDLE_IDENTIFIER = "com.abc.jigsaw-puzzle";
				PRODUCT_NAME = "$(TARGET_NAME)";
			};
			name = Release;
		};
/* End XCBuildConfiguration section */

/* Begin XCConfigurationList section */
		01176CA81D71E29A00B52CA1 /* Build configuration list for PBXProject "jigsaw-puzzle" */ = {
			isa = XCConfigurationList;
			buildConfigurations = (
				01176CBD1D71E29A00B52CA1 /* Debug */,
				01176CBE1D71E29A00B52CA1 /* Release */,
			);
			defaultConfigurationIsVisible = 0;
			defaultConfigurationName = Release;
		};
		01176CBF1D71E29A00B52CA1 /* Build configuration list for PBXNativeTarget "jigsaw-puzzle" */ = {
			isa = XCConfigurationList;
			buildConfigurations = (
				01176CC01D71E29A00B52CA1 /* Debug */,
				01176CC11D71E29A00B52CA1 /* Release */,
			);
			defaultConfigurationIsVisible = 0;
		};
/* End XCConfigurationList section */
	};
	rootObject = 01176CA51D71E29A00B52CA1 /* Project object */;
}
